
Microsoft Visual Studio Solution File, Format Version 12.00
# Visual Studio Version 17
VisualStudioVersion = 17.0.31903.59
MinimumVisualStudioVersion = 10.0.40219.1
Project("{FAE04EC0-301F-11D3-BF4B-00C04F79EFBC}") = "Floyd-Warshall", "Floyd-Warshall\Floyd-Warshall.csproj", "{DF173E5F-13BE-426B-9C4F-6CE9CE5EEE16}"
EndProject
Project("{FAE04EC0-301F-11D3-BF4B-00C04F79EFBC}") = "Floyd-Warshall.Tests", "Floyd-Warshall.Tests\Floyd-Warshall.Tests.csproj", "{5A9BC094-EDAE-4CB4-96FD-5E7752FAE6FC}"
EndProject
Global
	GlobalSection(SolutionConfigurationPlatforms) = preSolution
		Debug|Any CPU = Debug|Any CPU
		Debug|x64 = Debug|x64
		Debug|x86 = Debug|x86
		Release|Any CPU = Release|Any CPU
		Release|x64 = Release|x64
		Release|x86 = Release|x86
	EndGlobalSection
	GlobalSection(ProjectConfigurationPlatforms) = postSolution
		{DF173E5F-13BE-426B-9C4F-6CE9CE5EEE16}.Debug|Any CPU.ActiveCfg = Debug|Any CPU
		{DF173E5F-13BE-426B-9C4F-6CE9CE5EEE16}.Debug|Any CPU.Build.0 = Debug|Any CPU
		{DF173E5F-13BE-426B-9C4F-6CE9CE5EEE16}.Debug|x64.ActiveCfg = Debug|Any CPU
		{DF173E5F-13BE-426B-9C4F-6CE9CE5EEE16}.Debug|x64.Build.0 = Debug|Any CPU
		{DF173E5F-13BE-426B-9C4F-6CE9CE5EEE16}.Debug|x86.ActiveCfg = Debug|Any CPU
		{DF173E5F-13BE-426B-9C4F-6CE9CE5EEE16}.Debug|x86.Build.0 = Debug|Any CPU
		{DF173E5F-13BE-426B-9C4F-6CE9CE5EEE16}.Release|Any CPU.ActiveCfg = Release|Any CPU
		{DF173E5F-13BE-426B-9C4F-6CE9CE5EEE16}.Release|Any CPU.Build.0 = Release|Any CPU
		{DF173E5F-13BE-426B-9C4F-6CE9CE5EEE16}.Release|x64.ActiveCfg = Release|Any CPU
		{DF173E5F-13BE-426B-9C4F-6CE9CE5EEE16}.Release|x64.Build.0 = Release|Any CPU
		{DF173E5F-13BE-426B-9C4F-6CE9CE5EEE16}.Release|x86.ActiveCfg = Release|Any CPU
		{DF173E5F-13BE-426B-9C4F-6CE9CE5EEE16}.Release|x86.Build.0 = Release|Any CPU
		{5A9BC094-EDAE-4CB4-96FD-5E7752FAE6FC}.Debug|Any CPU.ActiveCfg = Debug|Any CPU
		{5A9BC094-EDAE-4CB4-96FD-5E7752FAE6FC}.Debug|Any CPU.Build.0 = Debug|Any CPU
		{5A9BC094-EDAE-4CB4-96FD-5E7752FAE6FC}.Debug|x64.ActiveCfg = Debug|Any CPU
		{5A9BC094-EDAE-4CB4-96FD-5E7752FAE6FC}.Debug|x64.Build.0 = Debug|Any CPU
		{5A9BC094-EDAE-4CB4-96FD-5E7752FAE6FC}.Debug|x86.ActiveCfg = Debug|Any CPU
		{5A9BC094-EDAE-4CB4-96FD-5E7752FAE6FC}.Debug|x86.Build.0 = Debug|Any CPU
		{5A9BC094-EDAE-4CB4-96FD-5E7752FAE6FC}.Release|Any CPU.ActiveCfg = Release|Any CPU
		{5A9BC094-EDAE-4CB4-96FD-5E7752FAE6FC}.Release|Any CPU.Build.0 = Release|Any CPU
		{5A9BC094-EDAE-4CB4-96FD-5E7752FAE6FC}.Release|x64.ActiveCfg = Release|Any CPU
		{5A9BC094-EDAE-4CB4-96FD-5E7752FAE6FC}.Release|x64.Build.0 = Release|Any CPU
		{5A9BC094-EDAE-4CB4-96FD-5E7752FAE6FC}.Release|x86.ActiveCfg = Release|Any CPU
		{5A9BC094-EDAE-4CB4-96FD-5E7752FAE6FC}.Release|x86.Build.0 = Release|Any CPU
	EndGlobalSection
	GlobalSection(SolutionProperties) = preSolution
		HideSolutionNode = FALSE
	EndGlobalSection
EndGlobal
